PODS:
  - camera_avfoundation (0.0.1):
    - Flutter
  - DKImagePickerController/Core (4.3.9):
    - DKImagePickerController/ImageDataManager
    - DKImagePickerController/Resource
  - DKImagePickerController/ImageDataManager (4.3.9)
  - DKImagePickerController/PhotoGallery (4.3.9):
    - DKImagePickerController/Core
    - DKPhotoGallery
  - DKImagePickerController/Resource (4.3.9)
  - DKPhotoGallery (0.0.19):
    - DKPhotoGallery/Core (= 0.0.19)
    - DKPhotoGallery/Model (= 0.0.19)
    - DKPhotoGallery/Preview (= 0.0.19)
    - DKPhotoGallery/Resource (= 0.0.19)
    - SDWebImage
    - SwiftyGif
  - DKPhotoGallery/Core (0.0.19):
    - DKPhotoGallery/Model
    - DKPhotoGallery/Preview
    - SDWebImage
    - SwiftyGif
  - DKPhotoGallery/Model (0.0.19):
    - SDWebImage
    - SwiftyGif
  - DKPhotoGallery/Preview (0.0.19):
    - DKPhotoGallery/Model
    - DKPhotoGallery/Resource
    - SDWebImage
    - SwiftyGif
  - DKPhotoGallery/Resource (0.0.19):
    - SDWebImage
    - SwiftyGif
  - edge_veda (2.5.0):
    - EdgeVedaCore (~> 2.4)
    - Flutter
  - EdgeVedaCore (2.4.2)
  - file_picker (0.0.1):
    - DKImagePickerController/PhotoGallery
    - Flutter
  - Firebase/CoreOnly (12.9.0):
    - FirebaseCore (~> 12.9.0)
  - firebase_core (4.6.0):
    - Firebase/CoreOnly (= 12.9.0)
    - Flutter
  - FirebaseCore (12.9.0):
    - FirebaseCoreInternal (~> 12.9.0)
    - GoogleUtilities/Environment (~> 8.1)
    - GoogleUtilities/Logger (~> 8.1)
  - FirebaseCoreInternal (12.9.0):
    - "GoogleUtilities/NSData+zlib (~> 8.1)"
  - Flutter (1.0.0)
  - GoogleUtilities/Environment (8.1.0):
    - GoogleUtilities/Privacy
  - GoogleUtilities/Logger (8.1.0):
    - GoogleUtilities/Environment
    - GoogleUtilities/Privacy
  - "GoogleUtilities/NSData+zlib (8.1.0)":
    - GoogleUtilities/Privacy
  - GoogleUtilities/Privacy (8.1.0)
  - image_picker_ios (0.0.1):
    - Flutter
  - integration_test (0.0.1):
    - Flutter
  - permission_handler_apple (9.3.0):
    - Flutter
  - SDWebImage (5.21.7):
    - SDWebImage/Core (= 5.21.7)
  - SDWebImage/Core (5.21.7)
  - share_plus (0.0.1):
    - Flutter
  - shared_preferences_foundation (0.0.1):
    - Flutter
    - FlutterMacOS
  - sqflite_darwin (0.0.4):
    - Flutter
    - FlutterMacOS
  - SwiftyGif (5.4.5)

DEPENDENCIES:
  - camera_avfoundation (from `.symlinks/plugins/camera_avfoundation/ios`)
  - edge_veda (from `.symlinks/plugins/edge_veda/ios`)
  - EdgeVedaCore (from `../../edge-veda/EdgeVedaCore.podspec`)
  - file_picker (from `.symlinks/plugins/file_picker/ios`)
  - firebase_core (from `.symlinks/plugins/firebase_core/ios`)
  - Flutter (from `Flutter`)
  - image_picker_ios (from `.symlinks/plugins/image_picker_ios/ios`)
  - integration_test (from `.symlinks/plugins/integration_test/ios`)
  - permission_handler_apple (from `.symlinks/plugins/permission_handler_apple/ios`)
  - share_plus (from `.symlinks/plugins/share_plus/ios`)
  - shared_preferences_foundation (from `.symlinks/plugins/shared_preferences_foundation/darwin`)
  - sqflite_darwin (from `.symlinks/plugins/sqflite_darwin/darwin`)

SPEC REPOS:
  trunk:
    - DKImagePickerController
    - DKPhotoGallery
    - Firebase
    - FirebaseCore
    - FirebaseCoreInternal
    - GoogleUtilities
    - SDWebImage
    - SwiftyGif

EXTERNAL SOURCES:
  camera_avfoundation:
    :path: ".symlinks/plugins/camera_avfoundation/ios"
  edge_veda:
    :path: ".symlinks/plugins/edge_veda/ios"
  EdgeVedaCore:
    :podspec: "../../edge-veda/EdgeVedaCore.podspec"
  file_picker:
    :path: ".symlinks/plugins/file_picker/ios"
  firebase_core:
    :path: ".symlinks/plugins/firebase_core/ios"
  Flutter:
    :path: Flutter
  image_picker_ios:
    :path: ".symlinks/plugins/image_picker_ios/ios"
  integration_test:
    :path: ".symlinks/plugins/integration_test/ios"
  permission_handler_apple:
    :path: ".symlinks/plugins/permission_handler_apple/ios"
  share_plus:
    :path: ".symlinks/plugins/share_plus/ios"
  shared_preferences_foundation:
    :path: ".symlinks/plugins/shared_preferences_foundation/darwin"
  sqflite_darwin:
    :path: ".symlinks/plugins/sqflite_darwin/darwin"

SPEC CHECKSUMS:
  camera_avfoundation: 5675ca25298b6f81fa0a325188e7df62cc217741
  DKImagePickerController: 946cec48c7873164274ecc4624d19e3da4c1ef3c
  DKPhotoGallery: b3834fecb755ee09a593d7c9e389d8b5d6deed60
  edge_veda: 3d9caefd867bf46e31b4c3c83cb8e712260da80f
  EdgeVedaCore: 63f9c171886507f4b7b3384c433a074813e21d38
  file_picker: a0560bc09d61de87f12d246fc47d2119e6ef37be
  Firebase: 065f2bb395062046623036d8e6dc857bc2521d56
  firebase_core: 8e6f58412ca227827c366b92e7cee047a2148c60
  FirebaseCore: 428912f751178b06bef0a1793effeb4a5e09a9b8
  FirebaseCoreInternal: b321eafae5362113bc182956fafc9922cfc77b72
  Flutter: cabc95a1d2626b1b06e7179b784ebcf0c0cde467
  GoogleUtilities: 00c88b9a86066ef77f0da2fab05f65d7768ed8e1
  image_picker_ios: e0ece4aa2a75771a7de3fa735d26d90817041326
  integration_test: 4a889634ef21a45d28d50d622cf412dc6d9f586e
  permission_handler_apple: 4ed2196e43d0651e8ff7ca3483a069d469701f2d
  SDWebImage: e9fc87c1aab89a8ab1bbd74eba378c6f53be8abf
  share_plus: 50da8cb520a8f0f65671c6c6a99b3617ed10a58a
  shared_preferences_foundation: 7036424c3d8ec98dfe75ff1667cb0cd531ec82bb
  sqflite_darwin: 20b2a3a3b70e43edae938624ce550a3cbf66a3d0
  SwiftyGif: 706c60cf65fa2bc5ee0313beece843c8eb8194d4

PODFILE CHECKSUM: 973f6df9d86c73e7d57f0813a6b34609974c14a9

COCOAPODS: 1.16.2
